
Microsoft Visual Studio Solution File, Format Version 12.00
# Visual Studio Version 17
VisualStudioVersion = 17.0.31903.59
MinimumVisualStudioVersion = 10.0.40219.1
Project("{2150E333-8FDC-42A3-9474-1A3956D46DE8}") = "src", "src", "{7A52E065-C0B8-429E-8F53-ECB2FEC18BC5}"
EndProject
Project("{FAE04EC0-301F-11D3-BF4B-00C04F79EFBC}") = "Iot.Weather.Ingester.Api", "src\Iot.Weather.Ingester.Api\Iot.Weather.Ingester.Api.csproj", "{1298F339-9C2E-419F-B15B-B800A55F8849}"
EndProject
Project("{FAE04EC0-301F-11D3-BF4B-00C04F79EFBC}") = "Iot.Weather.Ingester.InfluxDb", "src\Iot.Weather.Ingester.InfluxDb\Iot.Weather.Ingester.InfluxDb.csproj", "{3B9C6BBD-2C9F-4A90-9A8E-3A90A470EB05}"
EndProject
Project("{FAE04EC0-301F-11D3-BF4B-00C04F79EFBC}") = "Iot.Weather.Ingester.Worker", "src\Iot.Weather.Ingester.Worker\Iot.Weather.Ingester.Worker.csproj", "{F6CFEA8A-F001-4AB4-B641-E61089A2C4B8}"
EndProject
Project("{FAE04EC0-301F-11D3-BF4B-00C04F79EFBC}") = "Iot.Weather.Ingester.IoC", "src\Iot.Weather.Ingester.IoC\Iot.Weather.Ingester.IoC.csproj", "{F75E1D2D-DE9B-46EF-8EFF-2FA17BF143F8}"
EndProject
Project("{FAE04EC0-301F-11D3-BF4B-00C04F79EFBC}") = "Iot.Weather.Ingester.Mqtt", "src\Iot.Weather.Ingester.Mqtt\Iot.Weather.Ingester.Mqtt.csproj", "{729C496E-1A7E-4A2D-ADDF-2A5FC41B2803}"
EndProject
Global
	GlobalSection(SolutionConfigurationPlatforms) = preSolution
		Debug|Any CPU = Debug|Any CPU
		Release|Any CPU = Release|Any CPU
	EndGlobalSection
	GlobalSection(SolutionProperties) = preSolution
		HideSolutionNode = FALSE
	EndGlobalSection
	GlobalSection(ProjectConfigurationPlatforms) = postSolution
		{1298F339-9C2E-419F-B15B-B800A55F8849}.Debug|Any CPU.ActiveCfg = Debug|Any CPU
		{1298F339-9C2E-419F-B15B-B800A55F8849}.Debug|Any CPU.Build.0 = Debug|Any CPU
		{1298F339-9C2E-419F-B15B-B800A55F8849}.Release|Any CPU.ActiveCfg = Release|Any CPU
		{1298F339-9C2E-419F-B15B-B800A55F8849}.Release|Any CPU.Build.0 = Release|Any CPU
		{3B9C6BBD-2C9F-4A90-9A8E-3A90A470EB05}.Debug|Any CPU.ActiveCfg = Debug|Any CPU
		{3B9C6BBD-2C9F-4A90-9A8E-3A90A470EB05}.Debug|Any CPU.Build.0 = Debug|Any CPU
		{3B9C6BBD-2C9F-4A90-9A8E-3A90A470EB05}.Release|Any CPU.ActiveCfg = Release|Any CPU
		{3B9C6BBD-2C9F-4A90-9A8E-3A90A470EB05}.Release|Any CPU.Build.0 = Release|Any CPU
		{F6CFEA8A-F001-4AB4-B641-E61089A2C4B8}.Debug|Any CPU.ActiveCfg = Debug|Any CPU
		{F6CFEA8A-F001-4AB4-B641-E61089A2C4B8}.Debug|Any CPU.Build.0 = Debug|Any CPU
		{F6CFEA8A-F001-4AB4-B641-E61089A2C4B8}.Release|Any CPU.ActiveCfg = Release|Any CPU
		{F6CFEA8A-F001-4AB4-B641-E61089A2C4B8}.Release|Any CPU.Build.0 = Release|Any CPU
		{F75E1D2D-DE9B-46EF-8EFF-2FA17BF143F8}.Debug|Any CPU.ActiveCfg = Debug|Any CPU
		{F75E1D2D-DE9B-46EF-8EFF-2FA17BF143F8}.Debug|Any CPU.Build.0 = Debug|Any CPU
		{F75E1D2D-DE9B-46EF-8EFF-2FA17BF143F8}.Release|Any CPU.ActiveCfg = Release|Any CPU
		{F75E1D2D-DE9B-46EF-8EFF-2FA17BF143F8}.Release|Any CPU.Build.0 = Release|Any CPU
		{729C496E-1A7E-4A2D-ADDF-2A5FC41B2803}.Debug|Any CPU.ActiveCfg = Debug|Any CPU
		{729C496E-1A7E-4A2D-ADDF-2A5FC41B2803}.Debug|Any CPU.Build.0 = Debug|Any CPU
		{729C496E-1A7E-4A2D-ADDF-2A5FC41B2803}.Release|Any CPU.ActiveCfg = Release|Any CPU
		{729C496E-1A7E-4A2D-ADDF-2A5FC41B2803}.Release|Any CPU.Build.0 = Release|Any CPU
	EndGlobalSection
	GlobalSection(NestedProjects) = preSolution
		{1298F339-9C2E-419F-B15B-B800A55F8849} = {7A52E065-C0B8-429E-8F53-ECB2FEC18BC5}
		{3B9C6BBD-2C9F-4A90-9A8E-3A90A470EB05} = {7A52E065-C0B8-429E-8F53-ECB2FEC18BC5}
		{F6CFEA8A-F001-4AB4-B641-E61089A2C4B8} = {7A52E065-C0B8-429E-8F53-ECB2FEC18BC5}
		{F75E1D2D-DE9B-46EF-8EFF-2FA17BF143F8} = {7A52E065-C0B8-429E-8F53-ECB2FEC18BC5}
		{729C496E-1A7E-4A2D-ADDF-2A5FC41B2803} = {7A52E065-C0B8-429E-8F53-ECB2FEC18BC5}
	EndGlobalSection
EndGlobal
